
Microsoft Visual Studio Solution File, Format Version 12.00
# Visual Studio Version 16
VisualStudioVersion = 16.0.29324.140
MinimumVisualStudioVersion = 10.0.40219.1
Project("{9A19103F-16F7-4668-BE54-9A1E7A4F7556}") = "iobloc", "iobloc.csproj", "{B006FC4E-BE97-4E89-9C0E-69FBEE0DFF73}"
EndProject
Global
	GlobalSection(SolutionConfigurationPlatforms) = preSolution
		Debug|Any CPU = Debug|Any CPU
		Release|Any CPU = Release|Any CPU
	EndGlobalSection
	GlobalSection(ProjectConfigurationPlatforms) = postSolution
		{B006FC4E-BE97-4E89-9C0E-69FBEE0DFF73}.Debug|Any CPU.ActiveCfg = Debug|Any CPU
		{B006FC4E-BE97-4E89-9C0E-69FBEE0DFF73}.Debug|Any CPU.Build.0 = Debug|Any CPU
		{B006FC4E-BE97-4E89-9C0E-69FBEE0DFF73}.Release|Any CPU.ActiveCfg = Release|Any CPU
		{B006FC4E-BE97-4E89-9C0E-69FBEE0DFF73}.Release|Any CPU.Build.0 = Release|Any CPU
	EndGlobalSection
	GlobalSection(SolutionProperties) = preSolution
		HideSolutionNode = FALSE
	EndGlobalSection
	GlobalSection(ExtensibilityGlobals) = postSolution
		SolutionGuid = {984E0E9A-5775-4678-88A1-15EB15268DA3}
	EndGlobalSection
EndGlobal
