
Microsoft Visual Studio Solution File, Format Version 12.00
# Visual Studio Version 16
VisualStudioVersion = 16.0.28803.156
MinimumVisualStudioVersion = 10.0.40219.1
Project("{FAE04EC0-301F-11D3-BF4B-00C04F79EFBC}") = "iobloc4win", "iobloc4win.csproj", "{5490C5E0-2243-498D-9191-453A8A678358}"
EndProject
Global
	GlobalSection(SolutionConfigurationPlatforms) = preSolution
		Debug|Any CPU = Debug|Any CPU
		Release|Any CPU = Release|Any CPU
	EndGlobalSection
	GlobalSection(ProjectConfigurationPlatforms) = postSolution
		{5490C5E0-2243-498D-9191-453A8A678358}.Debug|Any CPU.ActiveCfg = Debug|Any CPU
		{5490C5E0-2243-498D-9191-453A8A678358}.Debug|Any CPU.Build.0 = Debug|Any CPU
		{5490C5E0-2243-498D-9191-453A8A678358}.Release|Any CPU.ActiveCfg = Release|Any CPU
		{5490C5E0-2243-498D-9191-453A8A678358}.Release|Any CPU.Build.0 = Release|Any CPU
	EndGlobalSection
	GlobalSection(SolutionProperties) = preSolution
		HideSolutionNode = FALSE
	EndGlobalSection
	GlobalSection(ExtensibilityGlobals) = postSolution
		SolutionGuid = {10675DDD-6D12-4E7B-B108-6329C959C50C}
	EndGlobalSection
EndGlobal
