
Microsoft Visual Studio Solution File, Format Version 12.00
# Visual Studio Version 16
VisualStudioVersion = 16.0.29324.140
MinimumVisualStudioVersion = 10.0.40219.1
Project("{9A19103F-16F7-4668-BE54-9A1E7A4F7556}") = "iobloc.NativeConsole", "iobloc.NativeConsole\iobloc.NativeConsole.csproj", "{09A19B31-8598-4AF8-BA94-0C10C3FE7F8A}"
EndProject
Project("{9A19103F-16F7-4668-BE54-9A1E7A4F7556}") = "iobloc.Games", "iobloc.Games\iobloc.Games.csproj", "{010A8678-8C57-4321-B902-E1B73E7E5B82}"
EndProject
Project("{2150E333-8FDC-42A3-9474-1A3956D46DE8}") = "1.Libraries", "1.Libraries", "{2A0DB968-6B27-4BBA-B2B5-DCCBCD350145}"
EndProject
Project("{2150E333-8FDC-42A3-9474-1A3956D46DE8}") = "2.Games", "2.Games", "{0CFE1FE3-76D7-4299-8A8D-9F81D1778CCB}"
EndProject
Project("{9A19103F-16F7-4668-BE54-9A1E7A4F7556}") = "iobloc.Core", "iobloc.Core\iobloc.Core.csproj", "{009B52B2-17F0-4949-9482-4BC74FE3C743}"
EndProject
Project("{9A19103F-16F7-4668-BE54-9A1E7A4F7556}") = "iobloc.Table", "iobloc.Table\iobloc.Table.csproj", "{CF39F357-065E-4B38-B197-D1E138112138}"
EndProject
Project("{9A19103F-16F7-4668-BE54-9A1E7A4F7556}") = "iobloc.Ascio", "iobloc.Ascio\iobloc.Ascio.csproj", "{CD428DFA-1768-4FCE-8CEC-106EE21C9585}"
EndProject
Project("{9A19103F-16F7-4668-BE54-9A1E7A4F7556}") = "iobloc.Forms", "iobloc.Forms\iobloc.Forms.csproj", "{7510272E-EB5F-47F9-9B38-2741011B11E1}"
EndProject
Project("{9A19103F-16F7-4668-BE54-9A1E7A4F7556}") = "iobloc.Demo", "iobloc.Demo\iobloc.Demo.csproj", "{420C39E1-E34F-4C63-82E4-D89BB0933363}"
EndProject
Project("{FAE04EC0-301F-11D3-BF4B-00C04F79EFBC}") = "iobloc.Forms.UI", "iobloc.Forms.UI\iobloc.Forms.UI.csproj", "{535BE0F8-FF78-4984-BC3E-532A4AA6143A}"
EndProject
Global
	GlobalSection(SolutionConfigurationPlatforms) = preSolution
		Debug|Any CPU = Debug|Any CPU
		Release|Any CPU = Release|Any CPU
	EndGlobalSection
	GlobalSection(ProjectConfigurationPlatforms) = postSolution
		{09A19B31-8598-4AF8-BA94-0C10C3FE7F8A}.Debug|Any CPU.ActiveCfg = Debug|Any CPU
		{09A19B31-8598-4AF8-BA94-0C10C3FE7F8A}.Debug|Any CPU.Build.0 = Debug|Any CPU
		{09A19B31-8598-4AF8-BA94-0C10C3FE7F8A}.Release|Any CPU.ActiveCfg = Release|Any CPU
		{09A19B31-8598-4AF8-BA94-0C10C3FE7F8A}.Release|Any CPU.Build.0 = Release|Any CPU
		{010A8678-8C57-4321-B902-E1B73E7E5B82}.Debug|Any CPU.ActiveCfg = Debug|Any CPU
		{010A8678-8C57-4321-B902-E1B73E7E5B82}.Debug|Any CPU.Build.0 = Debug|Any CPU
		{010A8678-8C57-4321-B902-E1B73E7E5B82}.Release|Any CPU.ActiveCfg = Release|Any CPU
		{010A8678-8C57-4321-B902-E1B73E7E5B82}.Release|Any CPU.Build.0 = Release|Any CPU
		{009B52B2-17F0-4949-9482-4BC74FE3C743}.Debug|Any CPU.ActiveCfg = Debug|Any CPU
		{009B52B2-17F0-4949-9482-4BC74FE3C743}.Debug|Any CPU.Build.0 = Debug|Any CPU
		{009B52B2-17F0-4949-9482-4BC74FE3C743}.Release|Any CPU.ActiveCfg = Release|Any CPU
		{009B52B2-17F0-4949-9482-4BC74FE3C743}.Release|Any CPU.Build.0 = Release|Any CPU
		{CF39F357-065E-4B38-B197-D1E138112138}.Debug|Any CPU.ActiveCfg = Debug|Any CPU
		{CF39F357-065E-4B38-B197-D1E138112138}.Debug|Any CPU.Build.0 = Debug|Any CPU
		{CF39F357-065E-4B38-B197-D1E138112138}.Release|Any CPU.ActiveCfg = Release|Any CPU
		{CF39F357-065E-4B38-B197-D1E138112138}.Release|Any CPU.Build.0 = Release|Any CPU
		{CD428DFA-1768-4FCE-8CEC-106EE21C9585}.Debug|Any CPU.ActiveCfg = Debug|Any CPU
		{CD428DFA-1768-4FCE-8CEC-106EE21C9585}.Debug|Any CPU.Build.0 = Debug|Any CPU
		{CD428DFA-1768-4FCE-8CEC-106EE21C9585}.Release|Any CPU.ActiveCfg = Release|Any CPU
		{CD428DFA-1768-4FCE-8CEC-106EE21C9585}.Release|Any CPU.Build.0 = Release|Any CPU
		{7510272E-EB5F-47F9-9B38-2741011B11E1}.Debug|Any CPU.ActiveCfg = Debug|Any CPU
		{7510272E-EB5F-47F9-9B38-2741011B11E1}.Debug|Any CPU.Build.0 = Debug|Any CPU
		{7510272E-EB5F-47F9-9B38-2741011B11E1}.Release|Any CPU.ActiveCfg = Release|Any CPU
		{7510272E-EB5F-47F9-9B38-2741011B11E1}.Release|Any CPU.Build.0 = Release|Any CPU
		{420C39E1-E34F-4C63-82E4-D89BB0933363}.Debug|Any CPU.ActiveCfg = Debug|Any CPU
		{420C39E1-E34F-4C63-82E4-D89BB0933363}.Debug|Any CPU.Build.0 = Debug|Any CPU
		{420C39E1-E34F-4C63-82E4-D89BB0933363}.Release|Any CPU.ActiveCfg = Release|Any CPU
		{420C39E1-E34F-4C63-82E4-D89BB0933363}.Release|Any CPU.Build.0 = Release|Any CPU
		{535BE0F8-FF78-4984-BC3E-532A4AA6143A}.Debug|Any CPU.ActiveCfg = Debug|Any CPU
		{535BE0F8-FF78-4984-BC3E-532A4AA6143A}.Debug|Any CPU.Build.0 = Debug|Any CPU
		{535BE0F8-FF78-4984-BC3E-532A4AA6143A}.Release|Any CPU.ActiveCfg = Release|Any CPU
		{535BE0F8-FF78-4984-BC3E-532A4AA6143A}.Release|Any CPU.Build.0 = Release|Any CPU
	EndGlobalSection
	GlobalSection(SolutionProperties) = preSolution
		HideSolutionNode = FALSE
	EndGlobalSection
	GlobalSection(NestedProjects) = preSolution
		{09A19B31-8598-4AF8-BA94-0C10C3FE7F8A} = {2A0DB968-6B27-4BBA-B2B5-DCCBCD350145}
		{010A8678-8C57-4321-B902-E1B73E7E5B82} = {0CFE1FE3-76D7-4299-8A8D-9F81D1778CCB}
		{009B52B2-17F0-4949-9482-4BC74FE3C743} = {2A0DB968-6B27-4BBA-B2B5-DCCBCD350145}
		{CF39F357-065E-4B38-B197-D1E138112138} = {0CFE1FE3-76D7-4299-8A8D-9F81D1778CCB}
		{CD428DFA-1768-4FCE-8CEC-106EE21C9585} = {0CFE1FE3-76D7-4299-8A8D-9F81D1778CCB}
		{7510272E-EB5F-47F9-9B38-2741011B11E1} = {2A0DB968-6B27-4BBA-B2B5-DCCBCD350145}
		{420C39E1-E34F-4C63-82E4-D89BB0933363} = {0CFE1FE3-76D7-4299-8A8D-9F81D1778CCB}
	EndGlobalSection
	GlobalSection(ExtensibilityGlobals) = postSolution
		SolutionGuid = {984E0E9A-5775-4678-88A1-15EB15268DA3}
	EndGlobalSection
EndGlobal
